
Microsoft Visual Studio Solution File, Format Version 12.00
# Visual Studio Version 16
VisualStudioVersion = 16.0.30621.155
MinimumVisualStudioVersion = 10.0.40219.1
Project("{FAE04EC0-301F-11D3-BF4B-00C04F79EFBC}") = "WebForm", "WebForm.csproj", "{9BE5B6F5-DDDC-47DC-9191-791BE2B27F66}"
EndProject
Project("{FAE04EC0-301F-11D3-BF4B-00C04F79EFBC}") = "Winform", "..\Winform\Winform.csproj", "{7464E2AA-2415-4344-ADA9-BB9610BC4CA6}"
EndProject
Global
	GlobalSection(SolutionConfigurationPlatforms) = preSolution
		Debug|Any CPU = Debug|Any CPU
		Release|Any CPU = Release|Any CPU
	EndGlobalSection
	GlobalSection(ProjectConfigurationPlatforms) = postSolution
		{9BE5B6F5-DDDC-47DC-9191-791BE2B27F66}.Debug|Any CPU.ActiveCfg = Debug|Any CPU
		{9BE5B6F5-DDDC-47DC-9191-791BE2B27F66}.Debug|Any CPU.Build.0 = Debug|Any CPU
		{9BE5B6F5-DDDC-47DC-9191-791BE2B27F66}.Release|Any CPU.ActiveCfg = Release|Any CPU
		{9BE5B6F5-DDDC-47DC-9191-791BE2B27F66}.Release|Any CPU.Build.0 = Release|Any CPU
		{7464E2AA-2415-4344-ADA9-BB9610BC4CA6}.Debug|Any CPU.ActiveCfg = Debug|Any CPU
		{7464E2AA-2415-4344-ADA9-BB9610BC4CA6}.Debug|Any CPU.Build.0 = Debug|Any CPU
		{7464E2AA-2415-4344-ADA9-BB9610BC4CA6}.Release|Any CPU.ActiveCfg = Release|Any CPU
		{7464E2AA-2415-4344-ADA9-BB9610BC4CA6}.Release|Any CPU.Build.0 = Release|Any CPU
	EndGlobalSection
	GlobalSection(SolutionProperties) = preSolution
		HideSolutionNode = FALSE
	EndGlobalSection
	GlobalSection(ExtensibilityGlobals) = postSolution
		SolutionGuid = {0B736A13-A2AB-4E95-AB54-F5D217948063}
	EndGlobalSection
EndGlobal
